
Microsoft Visual Studio Solution File, Format Version 12.00
# Visual Studio Version 16
VisualStudioVersion = 16.0.30503.244
MinimumVisualStudioVersion = 10.0.40219.1
Project("{FAE04EC0-301F-11D3-BF4B-00C04F79EFBC}") = "WebApplication2", "WebApplication2\WebApplication2.csproj", "{2BCB5CE1-463C-45A1-9E83-1813A5B2C698}"
EndProject
Global
	GlobalSection(SolutionConfigurationPlatforms) = preSolution
		Debug|Any CPU = Debug|Any CPU
		Release|Any CPU = Release|Any CPU
	EndGlobalSection
	GlobalSection(ProjectConfigurationPlatforms) = postSolution
		{2BCB5CE1-463C-45A1-9E83-1813A5B2C698}.Debug|Any CPU.ActiveCfg = Debug|Any CPU
		{2BCB5CE1-463C-45A1-9E83-1813A5B2C698}.Debug|Any CPU.Build.0 = Debug|Any CPU
		{2BCB5CE1-463C-45A1-9E83-1813A5B2C698}.Release|Any CPU.ActiveCfg = Release|Any CPU
		{2BCB5CE1-463C-45A1-9E83-1813A5B2C698}.Release|Any CPU.Build.0 = Release|Any CPU
	EndGlobalSection
	GlobalSection(SolutionProperties) = preSolution
		HideSolutionNode = FALSE
	EndGlobalSection
	GlobalSection(ExtensibilityGlobals) = postSolution
		SolutionGuid = {DE75C933-BCBE-4392-9973-EF4B4C6657BB}
	EndGlobalSection
EndGlobal
